
Microsoft Visual Studio Solution File, Format Version 12.00
# Visual Studio Version 16
VisualStudioVersion = 16.0.31321.278
MinimumVisualStudioVersion = 10.0.40219.1
Project("{FAE04EC0-301F-11D3-BF4B-00C04F79EFBC}") = "AbstractFactoryTextTransform", "AbstractFactoryTextTransform\AbstractFactoryTextTransform.csproj", "{CD64CFC3-8D58-414B-AEF7-677A0BE67AEF}"
EndProject
Project("{FAE04EC0-301F-11D3-BF4B-00C04F79EFBC}") = "AbstractFactoryTextTransform.Library", "AbstractFactoryTextTransform.Library\AbstractFactoryTextTransform.Library.csproj", "{582CD865-B399-43BE-B067-F48520E1D701}"
EndProject
Global
	GlobalSection(SolutionConfigurationPlatforms) = preSolution
		Debug|Any CPU = Debug|Any CPU
		Release|Any CPU = Release|Any CPU
	EndGlobalSection
	GlobalSection(ProjectConfigurationPlatforms) = postSolution
		{CD64CFC3-8D58-414B-AEF7-677A0BE67AEF}.Debug|Any CPU.ActiveCfg = Debug|Any CPU
		{CD64CFC3-8D58-414B-AEF7-677A0BE67AEF}.Debug|Any CPU.Build.0 = Debug|Any CPU
		{CD64CFC3-8D58-414B-AEF7-677A0BE67AEF}.Release|Any CPU.ActiveCfg = Release|Any CPU
		{CD64CFC3-8D58-414B-AEF7-677A0BE67AEF}.Release|Any CPU.Build.0 = Release|Any CPU
		{582CD865-B399-43BE-B067-F48520E1D701}.Debug|Any CPU.ActiveCfg = Debug|Any CPU
		{582CD865-B399-43BE-B067-F48520E1D701}.Debug|Any CPU.Build.0 = Debug|Any CPU
		{582CD865-B399-43BE-B067-F48520E1D701}.Release|Any CPU.ActiveCfg = Release|Any CPU
		{582CD865-B399-43BE-B067-F48520E1D701}.Release|Any CPU.Build.0 = Release|Any CPU
	EndGlobalSection
	GlobalSection(SolutionProperties) = preSolution
		HideSolutionNode = FALSE
	EndGlobalSection
	GlobalSection(ExtensibilityGlobals) = postSolution
		SolutionGuid = {17592530-63FC-4D05-BC64-B940C677FAF8}
	EndGlobalSection
EndGlobal
